
Microsoft Visual Studio Solution File, Format Version 12.00
# Visual Studio Version 17
VisualStudioVersion = 17.2.32616.157
MinimumVisualStudioVersion = 10.0.40219.1
Project("{9A19103F-16F7-4668-BE54-9A1E7A4F7556}") = "Poc.ElasticSearch.DemoOne", "Poc.ElasrticSearch.DemoOne\Poc.ElasticSearch.DemoOne.csproj", "{35925872-CB01-4C1A-937A-10A19A6A5FC7}"
EndProject
Project("{9A19103F-16F7-4668-BE54-9A1E7A4F7556}") = "Poc.ElasticSearch.DemoTwo", "Poc.ElasrticSearch.DemoTwo\Poc.ElasticSearch.DemoTwo.csproj", "{71B0CE7B-CB5B-4C58-B745-81CA9A085EEE}"
EndProject
Global
	GlobalSection(SolutionConfigurationPlatforms) = preSolution
		Debug|Any CPU = Debug|Any CPU
		Release|Any CPU = Release|Any CPU
	EndGlobalSection
	GlobalSection(ProjectConfigurationPlatforms) = postSolution
		{35925872-CB01-4C1A-937A-10A19A6A5FC7}.Debug|Any CPU.ActiveCfg = Debug|Any CPU
		{35925872-CB01-4C1A-937A-10A19A6A5FC7}.Debug|Any CPU.Build.0 = Debug|Any CPU
		{35925872-CB01-4C1A-937A-10A19A6A5FC7}.Release|Any CPU.ActiveCfg = Release|Any CPU
		{35925872-CB01-4C1A-937A-10A19A6A5FC7}.Release|Any CPU.Build.0 = Release|Any CPU
		{71B0CE7B-CB5B-4C58-B745-81CA9A085EEE}.Debug|Any CPU.ActiveCfg = Debug|Any CPU
		{71B0CE7B-CB5B-4C58-B745-81CA9A085EEE}.Debug|Any CPU.Build.0 = Debug|Any CPU
		{71B0CE7B-CB5B-4C58-B745-81CA9A085EEE}.Release|Any CPU.ActiveCfg = Release|Any CPU
		{71B0CE7B-CB5B-4C58-B745-81CA9A085EEE}.Release|Any CPU.Build.0 = Release|Any CPU
	EndGlobalSection
	GlobalSection(SolutionProperties) = preSolution
		HideSolutionNode = FALSE
	EndGlobalSection
	GlobalSection(ExtensibilityGlobals) = postSolution
		SolutionGuid = {F258C7DF-1E15-4202-89B0-043C86332E01}
	EndGlobalSection
EndGlobal
